
Microsoft Visual Studio Solution File, Format Version 12.00
# Visual Studio Version 17
VisualStudioVersion = 17.6.33829.357
MinimumVisualStudioVersion = 10.0.40219.1
Project("{FAE04EC0-301F-11D3-BF4B-00C04F79EFBC}") = "Back-End", "Back-End\Back-End.csproj", "{08A96FE7-4B9D-4909-B1BC-1FC5A4AED4A8}"
EndProject
Global
	GlobalSection(SolutionConfigurationPlatforms) = preSolution
		Debug|Any CPU = Debug|Any CPU
		Release|Any CPU = Release|Any CPU
	EndGlobalSection
	GlobalSection(ProjectConfigurationPlatforms) = postSolution
		{08A96FE7-4B9D-4909-B1BC-1FC5A4AED4A8}.Debug|Any CPU.ActiveCfg = Debug|Any CPU
		{08A96FE7-4B9D-4909-B1BC-1FC5A4AED4A8}.Debug|Any CPU.Build.0 = Debug|Any CPU
		{08A96FE7-4B9D-4909-B1BC-1FC5A4AED4A8}.Release|Any CPU.ActiveCfg = Release|Any CPU
		{08A96FE7-4B9D-4909-B1BC-1FC5A4AED4A8}.Release|Any CPU.Build.0 = Release|Any CPU
	EndGlobalSection
	GlobalSection(SolutionProperties) = preSolution
		HideSolutionNode = FALSE
	EndGlobalSection
	GlobalSection(ExtensibilityGlobals) = postSolution
		SolutionGuid = {CAE6A0A3-D5BD-4035-8699-40F1B8449AC6}
	EndGlobalSection
EndGlobal
